
Microsoft Visual Studio Solution File, Format Version 12.00
# Visual Studio Version 16
VisualStudioVersion = 16.0.30114.105
MinimumVisualStudioVersion = 10.0.40219.1
Project("{FAE04EC0-301F-11D3-BF4B-00C04F79EFBC}") = "MessagingLibrary", "MessagingLibrary\MessagingLibrary.csproj", "{373C76FE-CF6D-464A-BCD4-776E6FCD8CDB}"
EndProject
Global
	GlobalSection(SolutionConfigurationPlatforms) = preSolution
		Debug|Any CPU = Debug|Any CPU
		Debug|x64 = Debug|x64
		Debug|x86 = Debug|x86
		Release|Any CPU = Release|Any CPU
		Release|x64 = Release|x64
		Release|x86 = Release|x86
	EndGlobalSection
	GlobalSection(SolutionProperties) = preSolution
		HideSolutionNode = FALSE
	EndGlobalSection
	GlobalSection(ProjectConfigurationPlatforms) = postSolution
		{373C76FE-CF6D-464A-BCD4-776E6FCD8CDB}.Debug|Any CPU.ActiveCfg = Debug|Any CPU
		{373C76FE-CF6D-464A-BCD4-776E6FCD8CDB}.Debug|Any CPU.Build.0 = Debug|Any CPU
		{373C76FE-CF6D-464A-BCD4-776E6FCD8CDB}.Debug|x64.ActiveCfg = Debug|Any CPU
		{373C76FE-CF6D-464A-BCD4-776E6FCD8CDB}.Debug|x64.Build.0 = Debug|Any CPU
		{373C76FE-CF6D-464A-BCD4-776E6FCD8CDB}.Debug|x86.ActiveCfg = Debug|Any CPU
		{373C76FE-CF6D-464A-BCD4-776E6FCD8CDB}.Debug|x86.Build.0 = Debug|Any CPU
		{373C76FE-CF6D-464A-BCD4-776E6FCD8CDB}.Release|Any CPU.ActiveCfg = Release|Any CPU
		{373C76FE-CF6D-464A-BCD4-776E6FCD8CDB}.Release|Any CPU.Build.0 = Release|Any CPU
		{373C76FE-CF6D-464A-BCD4-776E6FCD8CDB}.Release|x64.ActiveCfg = Release|Any CPU
		{373C76FE-CF6D-464A-BCD4-776E6FCD8CDB}.Release|x64.Build.0 = Release|Any CPU
		{373C76FE-CF6D-464A-BCD4-776E6FCD8CDB}.Release|x86.ActiveCfg = Release|Any CPU
		{373C76FE-CF6D-464A-BCD4-776E6FCD8CDB}.Release|x86.Build.0 = Release|Any CPU
		{9F4FE65C-60DC-44DE-BFB1-AF003FF3855D}.Debug|Any CPU.ActiveCfg = Debug|Any CPU
		{9F4FE65C-60DC-44DE-BFB1-AF003FF3855D}.Debug|Any CPU.Build.0 = Debug|Any CPU
		{9F4FE65C-60DC-44DE-BFB1-AF003FF3855D}.Debug|x64.ActiveCfg = Debug|Any CPU
		{9F4FE65C-60DC-44DE-BFB1-AF003FF3855D}.Debug|x64.Build.0 = Debug|Any CPU
		{9F4FE65C-60DC-44DE-BFB1-AF003FF3855D}.Debug|x86.ActiveCfg = Debug|Any CPU
		{9F4FE65C-60DC-44DE-BFB1-AF003FF3855D}.Debug|x86.Build.0 = Debug|Any CPU
		{9F4FE65C-60DC-44DE-BFB1-AF003FF3855D}.Release|Any CPU.ActiveCfg = Release|Any CPU
		{9F4FE65C-60DC-44DE-BFB1-AF003FF3855D}.Release|Any CPU.Build.0 = Release|Any CPU
		{9F4FE65C-60DC-44DE-BFB1-AF003FF3855D}.Release|x64.ActiveCfg = Release|Any CPU
		{9F4FE65C-60DC-44DE-BFB1-AF003FF3855D}.Release|x64.Build.0 = Release|Any CPU
		{9F4FE65C-60DC-44DE-BFB1-AF003FF3855D}.Release|x86.ActiveCfg = Release|Any CPU
		{9F4FE65C-60DC-44DE-BFB1-AF003FF3855D}.Release|x86.Build.0 = Release|Any CPU
	EndGlobalSection
EndGlobal
